
Microsoft Visual Studio Solution File, Format Version 12.00
# Visual Studio 2012
Project("{FAE04EC0-301F-11D3-BF4B-00C04F79EFBC}") = "VkDownloader", "VkDownloader\VkDownloader.csproj", "{582E40F8-BE67-4F0C-B16C-CBDB7F9B79C6}"
EndProject
Project("{FAE04EC0-301F-11D3-BF4B-00C04F79EFBC}") = "VK_SDK", "VK_SDK\VK_SDK.csproj", "{A8E85DDD-4DB6-4E71-BD57-3B9523A4D43F}"
EndProject
Global
	GlobalSection(SolutionConfigurationPlatforms) = preSolution
		Debug|Any CPU = Debug|Any CPU
		Release|Any CPU = Release|Any CPU
	EndGlobalSection
	GlobalSection(ProjectConfigurationPlatforms) = postSolution
		{582E40F8-BE67-4F0C-B16C-CBDB7F9B79C6}.Debug|Any CPU.ActiveCfg = Debug|Any CPU
		{582E40F8-BE67-4F0C-B16C-CBDB7F9B79C6}.Debug|Any CPU.Build.0 = Debug|Any CPU
		{582E40F8-BE67-4F0C-B16C-CBDB7F9B79C6}.Release|Any CPU.ActiveCfg = Release|Any CPU
		{582E40F8-BE67-4F0C-B16C-CBDB7F9B79C6}.Release|Any CPU.Build.0 = Release|Any CPU
		{A8E85DDD-4DB6-4E71-BD57-3B9523A4D43F}.Debug|Any CPU.ActiveCfg = Debug|Any CPU
		{A8E85DDD-4DB6-4E71-BD57-3B9523A4D43F}.Debug|Any CPU.Build.0 = Debug|Any CPU
		{A8E85DDD-4DB6-4E71-BD57-3B9523A4D43F}.Release|Any CPU.ActiveCfg = Release|Any CPU
		{A8E85DDD-4DB6-4E71-BD57-3B9523A4D43F}.Release|Any CPU.Build.0 = Release|Any CPU
	EndGlobalSection
	GlobalSection(SolutionProperties) = preSolution
		HideSolutionNode = FALSE
	EndGlobalSection
EndGlobal
